
Microsoft Visual Studio Solution File, Format Version 12.00
# Visual Studio Version 17
VisualStudioVersion = 17.14.36301.6 d17.14
MinimumVisualStudioVersion = 10.0.40219.1
Project("{FAE04EC0-301F-11D3-BF4B-00C04F79EFBC}") = "PersonalTaskManagement", "PersonalTaskManagement\PersonalTaskManagement.csproj", "{CA3CD175-1DA1-4E73-8507-6C5D44D9DF07}"
EndProject
Global
	GlobalSection(SolutionConfigurationPlatforms) = preSolution
		Debug|Any CPU = Debug|Any CPU
		Release|Any CPU = Release|Any CPU
	EndGlobalSection
	GlobalSection(ProjectConfigurationPlatforms) = postSolution
		{CA3CD175-1DA1-4E73-8507-6C5D44D9DF07}.Debug|Any CPU.ActiveCfg = Debug|Any CPU
		{CA3CD175-1DA1-4E73-8507-6C5D44D9DF07}.Debug|Any CPU.Build.0 = Debug|Any CPU
		{CA3CD175-1DA1-4E73-8507-6C5D44D9DF07}.Release|Any CPU.ActiveCfg = Release|Any CPU
		{CA3CD175-1DA1-4E73-8507-6C5D44D9DF07}.Release|Any CPU.Build.0 = Release|Any CPU
	EndGlobalSection
	GlobalSection(SolutionProperties) = preSolution
		HideSolutionNode = FALSE
	EndGlobalSection
	GlobalSection(ExtensibilityGlobals) = postSolution
		SolutionGuid = {97192730-A9A0-443E-9F17-B1B471036232}
	EndGlobalSection
EndGlobal
